
Microsoft Visual Studio Solution File, Format Version 12.00
# Visual Studio Version 16
VisualStudioVersion = 16.0.30717.126
MinimumVisualStudioVersion = 10.0.40219.1
Project("{FAE04EC0-301F-11D3-BF4B-00C04F79EFBC}") = "ProjectManagement.UI", "ProjectManagement.UI\ProjectManagement.UI.csproj", "{C312557F-5BDF-4F35-BCC5-BC77B322523F}"
EndProject
Global
	GlobalSection(SolutionConfigurationPlatforms) = preSolution
		Debug|Any CPU = Debug|Any CPU
		Release|Any CPU = Release|Any CPU
	EndGlobalSection
	GlobalSection(ProjectConfigurationPlatforms) = postSolution
		{C312557F-5BDF-4F35-BCC5-BC77B322523F}.Debug|Any CPU.ActiveCfg = Debug|Any CPU
		{C312557F-5BDF-4F35-BCC5-BC77B322523F}.Debug|Any CPU.Build.0 = Debug|Any CPU
		{C312557F-5BDF-4F35-BCC5-BC77B322523F}.Release|Any CPU.ActiveCfg = Release|Any CPU
		{C312557F-5BDF-4F35-BCC5-BC77B322523F}.Release|Any CPU.Build.0 = Release|Any CPU
	EndGlobalSection
	GlobalSection(SolutionProperties) = preSolution
		HideSolutionNode = FALSE
	EndGlobalSection
	GlobalSection(ExtensibilityGlobals) = postSolution
		SolutionGuid = {522B5D45-7256-4B2E-996C-AADA1436B4D3}
	EndGlobalSection
EndGlobal
